
Microsoft Visual Studio Solution File, Format Version 12.00
# Visual Studio Version 17
VisualStudioVersion = 17.3.32811.315
MinimumVisualStudioVersion = 10.0.40219.1
Project("{9A19103F-16F7-4668-BE54-9A1E7A4F7556}") = "IdentityAPI.AuthServer", "IdentityAPI.AuthServer.csproj", "{3AE98FEF-A7F8-4CBC-92B4-E8992151E728}"
EndProject
Project("{9A19103F-16F7-4668-BE54-9A1E7A4F7556}") = "UdemyIdentityServer.API1", "..\UdemyIdentityServer.API1\UdemyIdentityServer.API1.csproj", "{145202F8-905F-4544-B8C0-4960B610DF4F}"
EndProject
Project("{9A19103F-16F7-4668-BE54-9A1E7A4F7556}") = "UdemyIdentityServer.API2", "..\UdemyIdentityServer.API2\UdemyIdentityServer.API2.csproj", "{7A848576-8517-4951-BA42-0B83930383D5}"
EndProject
Project("{9A19103F-16F7-4668-BE54-9A1E7A4F7556}") = "UdemyIdentityServer.Client1", "..\UdemyIdentityServer.Client1\UdemyIdentityServer.Client1.csproj", "{C4C9E35E-1267-4B3F-BE87-1F518749D7F8}"
EndProject
Project("{9A19103F-16F7-4668-BE54-9A1E7A4F7556}") = "UdemyIdentityServer.Client2", "..\UdemyIdentityServer.Client2\UdemyIdentityServer.Client2.csproj", "{8BAA7095-A280-4899-ACCE-E4F5D59EBD7F}"
EndProject
Global
	GlobalSection(SolutionConfigurationPlatforms) = preSolution
		Debug|Any CPU = Debug|Any CPU
		Release|Any CPU = Release|Any CPU
	EndGlobalSection
	GlobalSection(ProjectConfigurationPlatforms) = postSolution
		{3AE98FEF-A7F8-4CBC-92B4-E8992151E728}.Debug|Any CPU.ActiveCfg = Debug|Any CPU
		{3AE98FEF-A7F8-4CBC-92B4-E8992151E728}.Debug|Any CPU.Build.0 = Debug|Any CPU
		{3AE98FEF-A7F8-4CBC-92B4-E8992151E728}.Release|Any CPU.ActiveCfg = Release|Any CPU
		{3AE98FEF-A7F8-4CBC-92B4-E8992151E728}.Release|Any CPU.Build.0 = Release|Any CPU
		{145202F8-905F-4544-B8C0-4960B610DF4F}.Debug|Any CPU.ActiveCfg = Debug|Any CPU
		{145202F8-905F-4544-B8C0-4960B610DF4F}.Debug|Any CPU.Build.0 = Debug|Any CPU
		{145202F8-905F-4544-B8C0-4960B610DF4F}.Release|Any CPU.ActiveCfg = Release|Any CPU
		{145202F8-905F-4544-B8C0-4960B610DF4F}.Release|Any CPU.Build.0 = Release|Any CPU
		{7A848576-8517-4951-BA42-0B83930383D5}.Debug|Any CPU.ActiveCfg = Debug|Any CPU
		{7A848576-8517-4951-BA42-0B83930383D5}.Debug|Any CPU.Build.0 = Debug|Any CPU
		{7A848576-8517-4951-BA42-0B83930383D5}.Release|Any CPU.ActiveCfg = Release|Any CPU
		{7A848576-8517-4951-BA42-0B83930383D5}.Release|Any CPU.Build.0 = Release|Any CPU
		{C4C9E35E-1267-4B3F-BE87-1F518749D7F8}.Debug|Any CPU.ActiveCfg = Debug|Any CPU
		{C4C9E35E-1267-4B3F-BE87-1F518749D7F8}.Debug|Any CPU.Build.0 = Debug|Any CPU
		{C4C9E35E-1267-4B3F-BE87-1F518749D7F8}.Release|Any CPU.ActiveCfg = Release|Any CPU
		{C4C9E35E-1267-4B3F-BE87-1F518749D7F8}.Release|Any CPU.Build.0 = Release|Any CPU
		{8BAA7095-A280-4899-ACCE-E4F5D59EBD7F}.Debug|Any CPU.ActiveCfg = Debug|Any CPU
		{8BAA7095-A280-4899-ACCE-E4F5D59EBD7F}.Debug|Any CPU.Build.0 = Debug|Any CPU
		{8BAA7095-A280-4899-ACCE-E4F5D59EBD7F}.Release|Any CPU.ActiveCfg = Release|Any CPU
		{8BAA7095-A280-4899-ACCE-E4F5D59EBD7F}.Release|Any CPU.Build.0 = Release|Any CPU
	EndGlobalSection
	GlobalSection(SolutionProperties) = preSolution
		HideSolutionNode = FALSE
	EndGlobalSection
	GlobalSection(ExtensibilityGlobals) = postSolution
		SolutionGuid = {EB5907E2-3F20-4569-8606-2E41AB6D98A4}
	EndGlobalSection
EndGlobal
